
Microsoft Visual Studio Solution File, Format Version 12.00
# Visual Studio Version 17
VisualStudioVersion = 17.14.36221.1 d17.14
MinimumVisualStudioVersion = 10.0.40219.1
Project("{FAE04EC0-301F-11D3-BF4B-00C04F79EFBC}") = "SalesWebMvc", "SalesWebMvc.csproj", "{551478C7-4F32-41EB-93FE-E47A5DE95215}"
EndProject
Global
	GlobalSection(SolutionConfigurationPlatforms) = preSolution
		Debug|Any CPU = Debug|Any CPU
		Release|Any CPU = Release|Any CPU
	EndGlobalSection
	GlobalSection(ProjectConfigurationPlatforms) = postSolution
		{551478C7-4F32-41EB-93FE-E47A5DE95215}.Debug|Any CPU.ActiveCfg = Debug|Any CPU
		{551478C7-4F32-41EB-93FE-E47A5DE95215}.Debug|Any CPU.Build.0 = Debug|Any CPU
		{551478C7-4F32-41EB-93FE-E47A5DE95215}.Release|Any CPU.ActiveCfg = Release|Any CPU
		{551478C7-4F32-41EB-93FE-E47A5DE95215}.Release|Any CPU.Build.0 = Release|Any CPU
	EndGlobalSection
	GlobalSection(SolutionProperties) = preSolution
		HideSolutionNode = FALSE
	EndGlobalSection
	GlobalSection(ExtensibilityGlobals) = postSolution
		SolutionGuid = {0B87E2E2-8E28-4C73-8307-F9F82BEF9CDD}
	EndGlobalSection
EndGlobal
