
Microsoft Visual Studio Solution File, Format Version 12.00
# Visual Studio Version 17
VisualStudioVersion = 17.13.35825.156 d17.13
MinimumVisualStudioVersion = 10.0.40219.1
Project("{FAE04EC0-301F-11D3-BF4B-00C04F79EFBC}") = "ExercicioAbstract", "ExercicioAbstract.csproj", "{F61C5284-1F24-4633-9240-C8CEEF0A2404}"
EndProject
Global
	GlobalSection(SolutionConfigurationPlatforms) = preSolution
		Debug|Any CPU = Debug|Any CPU
		Release|Any CPU = Release|Any CPU
	EndGlobalSection
	GlobalSection(ProjectConfigurationPlatforms) = postSolution
		{F61C5284-1F24-4633-9240-C8CEEF0A2404}.Debug|Any CPU.ActiveCfg = Debug|Any CPU
		{F61C5284-1F24-4633-9240-C8CEEF0A2404}.Debug|Any CPU.Build.0 = Debug|Any CPU
		{F61C5284-1F24-4633-9240-C8CEEF0A2404}.Release|Any CPU.ActiveCfg = Release|Any CPU
		{F61C5284-1F24-4633-9240-C8CEEF0A2404}.Release|Any CPU.Build.0 = Release|Any CPU
	EndGlobalSection
	GlobalSection(SolutionProperties) = preSolution
		HideSolutionNode = FALSE
	EndGlobalSection
	GlobalSection(ExtensibilityGlobals) = postSolution
		SolutionGuid = {1DE2C530-8C39-4FC0-B44D-FC594E061B39}
	EndGlobalSection
EndGlobal
