
Microsoft Visual Studio Solution File, Format Version 12.00
# Visual Studio Version 17
VisualStudioVersion = 17.13.36105.23 d17.13
MinimumVisualStudioVersion = 10.0.40219.1
Project("{FAE04EC0-301F-11D3-BF4B-00C04F79EFBC}") = "ExercicioLambda", "ExercicioLambda.csproj", "{DFA9C8B4-C74F-43E9-97CA-AAA74DC2982B}"
EndProject
Global
	GlobalSection(SolutionConfigurationPlatforms) = preSolution
		Debug|Any CPU = Debug|Any CPU
		Release|Any CPU = Release|Any CPU
	EndGlobalSection
	GlobalSection(ProjectConfigurationPlatforms) = postSolution
		{DFA9C8B4-C74F-43E9-97CA-AAA74DC2982B}.Debug|Any CPU.ActiveCfg = Debug|Any CPU
		{DFA9C8B4-C74F-43E9-97CA-AAA74DC2982B}.Debug|Any CPU.Build.0 = Debug|Any CPU
		{DFA9C8B4-C74F-43E9-97CA-AAA74DC2982B}.Release|Any CPU.ActiveCfg = Release|Any CPU
		{DFA9C8B4-C74F-43E9-97CA-AAA74DC2982B}.Release|Any CPU.Build.0 = Release|Any CPU
	EndGlobalSection
	GlobalSection(SolutionProperties) = preSolution
		HideSolutionNode = FALSE
	EndGlobalSection
	GlobalSection(ExtensibilityGlobals) = postSolution
		SolutionGuid = {8A80D0BB-3327-43BB-A6A1-7E2CD9D0D183}
	EndGlobalSection
EndGlobal
